
Microsoft Visual Studio Solution File, Format Version 12.00
# Visual Studio 15
VisualStudioVersion = 15.0.27004.2005
MinimumVisualStudioVersion = 10.0.40219.1
Project("{FAE04EC0-301F-11D3-BF4B-00C04F79EFBC}") = "Client", "Client\Client.csproj", "{52BDB5E5-50C1-4C61-8B2D-FD66C05B628E}"
EndProject
Project("{2150E333-8FDC-42A3-9474-1A3956D46DE8}") = "Solution Items", "Solution Items", "{43B97796-4C3B-42B7-925F-5E7BE5F23BFB}"
	ProjectSection(SolutionItems) = preProject
		Client\picture1.png = Client\picture1.png
		Client\picture4.png = Client\picture4.png
		Client\picture5.jpg = Client\picture5.jpg
	EndProjectSection
EndProject
Global
	GlobalSection(SolutionConfigurationPlatforms) = preSolution
		Debug|Any CPU = Debug|Any CPU
		Release|Any CPU = Release|Any CPU
	EndGlobalSection
	GlobalSection(ProjectConfigurationPlatforms) = postSolution
		{52BDB5E5-50C1-4C61-8B2D-FD66C05B628E}.Debug|Any CPU.ActiveCfg = Debug|Any CPU
		{52BDB5E5-50C1-4C61-8B2D-FD66C05B628E}.Debug|Any CPU.Build.0 = Debug|Any CPU
		{52BDB5E5-50C1-4C61-8B2D-FD66C05B628E}.Release|Any CPU.ActiveCfg = Release|Any CPU
		{52BDB5E5-50C1-4C61-8B2D-FD66C05B628E}.Release|Any CPU.Build.0 = Release|Any CPU
	EndGlobalSection
	GlobalSection(SolutionProperties) = preSolution
		HideSolutionNode = FALSE
	EndGlobalSection
	GlobalSection(ExtensibilityGlobals) = postSolution
		SolutionGuid = {7A2394E1-B352-47A3-88D7-145A53E1C08B}
	EndGlobalSection
EndGlobal
